{
  "pins" : [
    {
      "identity" : "fastlane-swift-group",
      "kind" : "remoteSourceControl",
      "location" : "https://github.com/blyscuit/fastlane-swift-group",
      "state" : {
        "branch" : "custom-plugin",
        "revision" : "22fa83637c1d3933c5c0b1af41d50055cdf4043b"
      }
    },
    {
      "identity" : "swiftshell",
      "kind" : "remoteSourceControl",
      "location" : "https://github.com/kareman/SwiftShell",
      "state" : {
        "revision" : "99680b2efc7c7dbcace1da0b3979d266f02e213c",
        "version" : "5.1.0"
      }
    }
  ],
  "version" : 2
}
