{
  "pins" : [
    {
      "identity" : "fastlane-swift-group",
      "kind" : "remoteSourceControl",
      "location" : "https://github.com/blyscuit/fastlane-swift-group",
      "state" : {
        "branch" : "firebase-distribution-plugin",
        "revision" : "28c901d460f5c723c1ce5569a163c30fe1a494b5"
      }
    },
    {
      "identity" : "swift-log",
      "kind" : "remoteSourceControl",
      "location" : "https://github.com/apple/swift-log",
      "state" : {
        "branch" : "main",
        "revision" : "f8ce47d3b04c217a5aa0f3e26a632fc3fec22f4a"
      }
    },
    {
      "identity" : "swiftshell",
      "kind" : "remoteSourceControl",
      "location" : "https://github.com/kareman/SwiftShell",
      "state" : {
        "revision" : "99680b2efc7c7dbcace1da0b3979d266f02e213c",
        "version" : "5.1.0"
      }
    }
  ],
  "version" : 2
}
