{
  "pins" : [
    {
      "identity" : "fastlane-swift-group",
      "kind" : "remoteSourceControl",
      "location" : "https://github.com/blyscuit/fastlane-swift-group",
      "state" : {
        "branch" : "firebase-distribution-plugin",
        "revision" : "41a8ad25875948e47bfa20cc72f00ca223be4d26"
      }
    },
    {
      "identity" : "swiftshell",
      "kind" : "remoteSourceControl",
      "location" : "https://github.com/kareman/SwiftShell",
      "state" : {
        "revision" : "99680b2efc7c7dbcace1da0b3979d266f02e213c",
        "version" : "5.1.0"
      }
    }
  ],
  "version" : 2
}
